
Microsoft Visual Studio Solution File, Format Version 12.00
# Visual Studio 15
VisualStudioVersion = 15.0.27130.2027
MinimumVisualStudioVersion = 10.0.40219.1
Project("{FAE04EC0-301F-11D3-BF4B-00C04F79EFBC}") = "Evidence.Web.MVC", "Evidence.Web.MVC\Evidence.Web.MVC.csproj", "{C240A735-3264-401F-B42F-26FBFA9AAF8C}"
EndProject
Project("{FAE04EC0-301F-11D3-BF4B-00C04F79EFBC}") = "Evidence.DAL", "Evidence.DAL\Evidence.DAL.csproj", "{79E4E1CB-8C97-4501-8A16-657C0751C7C0}"
EndProject
Project("{FAE04EC0-301F-11D3-BF4B-00C04F79EFBC}") = "Evidence.DTO", "Evidence.DTO\Evidence.DTO.csproj", "{07B74127-E77B-471D-881F-D0F426F3A4C3}"
EndProject
Project("{FAE04EC0-301F-11D3-BF4B-00C04F79EFBC}") = "Evidence.BLL", "Evidence.BLL\Evidence.BLL.csproj", "{EDBF8ACB-F782-45B3-888B-C1325F596E72}"
EndProject
Global
	GlobalSection(SolutionConfigurationPlatforms) = preSolution
		Debug|Any CPU = Debug|Any CPU
		Release|Any CPU = Release|Any CPU
	EndGlobalSection
	GlobalSection(ProjectConfigurationPlatforms) = postSolution
		{C240A735-3264-401F-B42F-26FBFA9AAF8C}.Debug|Any CPU.ActiveCfg = Debug|Any CPU
		{C240A735-3264-401F-B42F-26FBFA9AAF8C}.Debug|Any CPU.Build.0 = Debug|Any CPU
		{C240A735-3264-401F-B42F-26FBFA9AAF8C}.Release|Any CPU.ActiveCfg = Release|Any CPU
		{C240A735-3264-401F-B42F-26FBFA9AAF8C}.Release|Any CPU.Build.0 = Release|Any CPU
		{79E4E1CB-8C97-4501-8A16-657C0751C7C0}.Debug|Any CPU.ActiveCfg = Debug|Any CPU
		{79E4E1CB-8C97-4501-8A16-657C0751C7C0}.Debug|Any CPU.Build.0 = Debug|Any CPU
		{79E4E1CB-8C97-4501-8A16-657C0751C7C0}.Release|Any CPU.ActiveCfg = Release|Any CPU
		{79E4E1CB-8C97-4501-8A16-657C0751C7C0}.Release|Any CPU.Build.0 = Release|Any CPU
		{07B74127-E77B-471D-881F-D0F426F3A4C3}.Debug|Any CPU.ActiveCfg = Debug|Any CPU
		{07B74127-E77B-471D-881F-D0F426F3A4C3}.Debug|Any CPU.Build.0 = Debug|Any CPU
		{07B74127-E77B-471D-881F-D0F426F3A4C3}.Release|Any CPU.ActiveCfg = Release|Any CPU
		{07B74127-E77B-471D-881F-D0F426F3A4C3}.Release|Any CPU.Build.0 = Release|Any CPU
		{EDBF8ACB-F782-45B3-888B-C1325F596E72}.Debug|Any CPU.ActiveCfg = Debug|Any CPU
		{EDBF8ACB-F782-45B3-888B-C1325F596E72}.Debug|Any CPU.Build.0 = Debug|Any CPU
		{EDBF8ACB-F782-45B3-888B-C1325F596E72}.Release|Any CPU.ActiveCfg = Release|Any CPU
		{EDBF8ACB-F782-45B3-888B-C1325F596E72}.Release|Any CPU.Build.0 = Release|Any CPU
	EndGlobalSection
	GlobalSection(SolutionProperties) = preSolution
		HideSolutionNode = FALSE
	EndGlobalSection
	GlobalSection(ExtensibilityGlobals) = postSolution
		SolutionGuid = {70C7C7AC-2D8F-41F4-B32F-5D6D75BBA135}
	EndGlobalSection
EndGlobal
